
Microsoft Visual Studio Solution File, Format Version 12.00
# Visual Studio Version 16
VisualStudioVersion = 16.0.30816.121
MinimumVisualStudioVersion = 10.0.40219.1
Project("{FAE04EC0-301F-11D3-BF4B-00C04F79EFBC}") = "DataMunging", "DataMunging\DataMunging.csproj", "{0445CCF0-758E-4DBD-AE95-DBAD04F02D2F}"
EndProject
Global
	GlobalSection(SolutionConfigurationPlatforms) = preSolution
		Debug|Any CPU = Debug|Any CPU
		Release|Any CPU = Release|Any CPU
	EndGlobalSection
	GlobalSection(ProjectConfigurationPlatforms) = postSolution
		{0445CCF0-758E-4DBD-AE95-DBAD04F02D2F}.Debug|Any CPU.ActiveCfg = Debug|Any CPU
		{0445CCF0-758E-4DBD-AE95-DBAD04F02D2F}.Debug|Any CPU.Build.0 = Debug|Any CPU
		{0445CCF0-758E-4DBD-AE95-DBAD04F02D2F}.Release|Any CPU.ActiveCfg = Release|Any CPU
		{0445CCF0-758E-4DBD-AE95-DBAD04F02D2F}.Release|Any CPU.Build.0 = Release|Any CPU
	EndGlobalSection
	GlobalSection(SolutionProperties) = preSolution
		HideSolutionNode = FALSE
	EndGlobalSection
	GlobalSection(ExtensibilityGlobals) = postSolution
		SolutionGuid = {80DE75AE-6FB9-4128-93DC-ED670FFB94C7}
	EndGlobalSection
EndGlobal
